// !$*UTF8*$!
{
	archiveVersion = 1;
	classes = {
	};
	objectVersion = 46;
	objects = {

/* Begin PBXBuildFile section */
		54590286540292D90B3073AD /* LaunchScreen.xib in Resources */ = {isa = PBXBuildFile; fileRef = 54590A245FD74E1F4587FC3F /* LaunchScreen.xib */; };
		545902EBDBC6272CB98C93D6 /* LostTimeTests.m in Sources */ = {isa = PBXBuildFile; fileRef = 54590609CFCB1F43173AA97E /* LostTimeTests.m */; };
		5459032CFBCA2BD239D207E7 /* SecondViewController.m in Sources */ = {isa = PBXBuildFile; fileRef = 545906387603651EEBD84131 /* SecondViewController.m */; };
		54590494AC60A4AD907D5E9B /* AppDelegate.m in Sources */ = {isa = PBXBuildFile; fileRef = 5459062EE5FDEC882473A1C0 /* AppDelegate.m */; };
		5459095BB1EF3329D823C738 /* FirstViewController.m in Sources */ = {isa = PBXBuildFile; fileRef = 54590062A7279B723FFC4470 /* FirstViewController.m */; };
		54590AA1911C662336AF8398 /* main.m in Sources */ = {isa = PBXBuildFile; fileRef = 5459006AF87A602E819F02E5 /* main.m */; };
		54590CE7409845F33A0B6F12 /* Main.storyboard in Resources */ = {isa = PBXBuildFile; fileRef = 54590D1AA258ED83E8EAD809 /* Main.storyboard */; };
		54590D089674A6C2EA908B1A /* Images.xcassets in Resources */ = {isa = PBXBuildFile; fileRef = 54590DB57384CA77240E349C /* Images.xcassets */; };
/* End PBXBuildFile section */

/* Begin PBXContainerItemProxy section */
		5459042948B9A880751D397E /* PBXContainerItemProxy */ = {
			isa = PBXContainerItemProxy;
			containerPortal = 54590C9CE28C9DF23C476823 /* Project object */;
			proxyType = 1;
			remoteGlobalIDString = 5459067595F685C78DD9BE67;
			remoteInfo = LostTime;
		};
/* End PBXContainerItemProxy section */

/* Begin PBXFileReference section */
		54590062A7279B723FFC4470 /* FirstViewController.m */ = {isa = PBXFileReference; lastKnownFileType = sourcecode.c.objc; path = FirstViewController.m; sourceTree = "<group>"; };
		5459006AF87A602E819F02E5 /* main.m */ = {isa = PBXFileReference; lastKnownFileType = sourcecode.c.objc; path = main.m; sourceTree = "<group>"; };
		54590247D9BBC515C9F5C2D4 /* Base */ = {isa = PBXFileReference; lastKnownFileType = file.xib; name = Base; path = Base.lproj/LaunchScreen.xib; sourceTree = "<group>"; };
		54590397212FC7E3A1094A88 /* LostTimeTests.xctest */ = {isa = PBXFileReference; explicitFileType = wrapper.cfbundle; includeInIndex = 0; path = LostTimeTests.xctest; sourceTree = BUILT_PRODUCTS_DIR; };
		545904BCC81CC284345F2645 /* SecondViewController.h */ = {isa = PBXFileReference; lastKnownFileType = sourcecode.c.h; path = SecondViewController.h; sourceTree = "<group>"; };
		54590609CFCB1F43173AA97E /* LostTimeTests.m */ = {isa = PBXFileReference; lastKnownFileType = sourcecode.c.objc; path = LostTimeTests.m; sourceTree = "<group>"; };
		5459062EE5FDEC882473A1C0 /* AppDelegate.m */ = {isa = PBXFileReference; lastKnownFileType = sourcecode.c.objc; path = AppDelegate.m; sourceTree = "<group>"; };
		545906387603651EEBD84131 /* SecondViewController.m */ = {isa = PBXFileReference; lastKnownFileType = sourcecode.c.objc; path = SecondViewController.m; sourceTree = "<group>"; };
		545907D05BBB587BBACDE9C1 /* LostTime.app */ = {isa = PBXFileReference; explicitFileType = wrapper.application; includeInIndex = 0; path = LostTime.app; sourceTree = BUILT_PRODUCTS_DIR; };
		545909BF3704886FF802B397 /* Base */ = {isa = PBXFileReference; lastKnownFileType = file.storyboard; name = Base; path = Base.lproj/Main.storyboard; sourceTree = "<group>"; };
		54590DB57384CA77240E349C /* Images.xcassets */ = {isa = PBXFileReference; lastKnownFileType = folder.assetcatalog; path = Images.xcassets; sourceTree = "<group>"; };
		54590DBF0CF7E21C0F4FB29D /* FirstViewController.h */ = {isa = PBXFileReference; lastKnownFileType = sourcecode.c.h; path = FirstViewController.h; sourceTree = "<group>"; };
		54590FB21AF563F18A7C0AC0 /* AppDelegate.h */ = {isa = PBXFileReference; lastKnownFileType = sourcecode.c.h; path = AppDelegate.h; sourceTree = "<group>"; };
		54590FD7BDBD45ED259783F4 /* Info.plist */ = {isa = PBXFileReference; lastKnownFileType = text.plist.info; path = Info.plist; sourceTree = "<group>"; };
		54590FEC7EDAA642C29CAF4E /* Info.plist */ = {isa = PBXFileReference; lastKnownFileType = text.plist.info; path = Info.plist; sourceTree = "<group>"; };
/* End PBXFileReference section */

/* Begin PBXFrameworksBuildPhase section */
		545904D6855B6FCB49282680 /* Frameworks */ = {
			isa = PBXFrameworksBuildPhase;
			buildActionMask = 2147483647;
			files = (
			);
			runOnlyForDeploymentPostprocessing = 0;
		};
		545905DC5F107B49150EB28D /* Frameworks */ = {
			isa = PBXFrameworksBuildPhase;
			buildActionMask = 2147483647;
			files = (
			);
			runOnlyForDeploymentPostprocessing = 0;
		};
/* End PBXFrameworksBuildPhase section */

/* Begin PBXGroup section */
		545900422A235D28CC7ECA70 /* LostTime */ = {
			isa = PBXGroup;
			children = (
				545904345108690B5E023293 /* Supporting Files */,
				54590DB57384CA77240E349C /* Images.xcassets */,
				54590A245FD74E1F4587FC3F /* LaunchScreen.xib */,
				54590FB21AF563F18A7C0AC0 /* AppDelegate.h */,
				5459062EE5FDEC882473A1C0 /* AppDelegate.m */,
				54590D1AA258ED83E8EAD809 /* Main.storyboard */,
				54590DBF0CF7E21C0F4FB29D /* FirstViewController.h */,
				54590062A7279B723FFC4470 /* FirstViewController.m */,
				545904BCC81CC284345F2645 /* SecondViewController.h */,
				545906387603651EEBD84131 /* SecondViewController.m */,
			);
			path = LostTime;
			sourceTree = "<group>";
		};
		545900449C288A151D60E2A3 /* Supporting Files */ = {
			isa = PBXGroup;
			children = (
				54590FD7BDBD45ED259783F4 /* Info.plist */,
			);
			name = "Supporting Files";
			sourceTree = "<group>";
		};
		5459007352914AC40E6B0573 /* Products */ = {
			isa = PBXGroup;
			children = (
				545907D05BBB587BBACDE9C1 /* LostTime.app */,
				54590397212FC7E3A1094A88 /* LostTimeTests.xctest */,
			);
			name = Products;
			sourceTree = "<group>";
		};
		54590282FE9DEE4A77614F2A /* LostTimeTests */ = {
			isa = PBXGroup;
			children = (
				545900449C288A151D60E2A3 /* Supporting Files */,
				54590609CFCB1F43173AA97E /* LostTimeTests.m */,
			);
			path = LostTimeTests;
			sourceTree = "<group>";
		};
		545904345108690B5E023293 /* Supporting Files */ = {
			isa = PBXGroup;
			children = (
				54590FEC7EDAA642C29CAF4E /* Info.plist */,
				5459006AF87A602E819F02E5 /* main.m */,
			);
			name = "Supporting Files";
			sourceTree = "<group>";
		};
		545909C429100DB60B9A577C = {
			isa = PBXGroup;
			children = (
				5459007352914AC40E6B0573 /* Products */,
				545900422A235D28CC7ECA70 /* LostTime */,
				54590282FE9DEE4A77614F2A /* LostTimeTests */,
			);
			sourceTree = "<group>";
		};
/* End PBXGroup section */

/* Begin PBXNativeTarget section */
		5459067595F685C78DD9BE67 /* LostTime */ = {
			isa = PBXNativeTarget;
			buildConfigurationList = 5459027FB960CCF873B7AFEB /* Build configuration list for PBXNativeTarget "LostTime" */;
			buildPhases = (
				54590B8007FF0D65E0D5BD88 /* Sources */,
				545904D6855B6FCB49282680 /* Frameworks */,
				54590D7CC3EBFDB7254547B7 /* Resources */,
			);
			buildRules = (
			);
			dependencies = (
			);
			name = LostTime;
			productName = LostTime;
			productReference = 545907D05BBB587BBACDE9C1 /* LostTime.app */;
			productType = "com.apple.product-type.application";
		};
		545907353CBB6D719BD55AFC /* LostTimeTests */ = {
			isa = PBXNativeTarget;
			buildConfigurationList = 5459028BBD1F364A79D58DCA /* Build configuration list for PBXNativeTarget "LostTimeTests" */;
			buildPhases = (
				54590C370EAB73FBBA0CCC19 /* Sources */,
				545905DC5F107B49150EB28D /* Frameworks */,
				54590E0A1F1A5B89628C84B0 /* Resources */,
			);
			buildRules = (
			);
			dependencies = (
				545907BAB8CB1DA272399CC8 /* PBXTargetDependency */,
			);
			name = LostTimeTests;
			productName = LostTimeTests;
			productReference = 54590397212FC7E3A1094A88 /* LostTimeTests.xctest */;
			productType = "com.apple.product-type.bundle.unit-test";
		};
/* End PBXNativeTarget section */

/* Begin PBXProject section */
		54590C9CE28C9DF23C476823 /* Project object */ = {
			isa = PBXProject;
			attributes = {
				ORGANIZATIONNAME = "Usable Design LLC";
			};
			buildConfigurationList = 54590B1AD8EAA3F93B98ECA9 /* Build configuration list for PBXProject "LostTime" */;
			compatibilityVersion = "Xcode 3.2";
			developmentRegion = English;
			hasScannedForEncodings = 0;
			knownRegions = (
				en,
			);
			mainGroup = 545909C429100DB60B9A577C;
			productRefGroup = 5459007352914AC40E6B0573 /* Products */;
			projectDirPath = "";
			projectRoot = "";
			targets = (
				5459067595F685C78DD9BE67 /* LostTime */,
				545907353CBB6D719BD55AFC /* LostTimeTests */,
			);
		};
/* End PBXProject section */

/* Begin PBXResourcesBuildPhase section */
		54590D7CC3EBFDB7254547B7 /* Resources */ = {
			isa = PBXResourcesBuildPhase;
			buildActionMask = 2147483647;
			files = (
				54590D089674A6C2EA908B1A /* Images.xcassets in Resources */,
				54590286540292D90B3073AD /* LaunchScreen.xib in Resources */,
				54590CE7409845F33A0B6F12 /* Main.storyboard in Resources */,
			);
			runOnlyForDeploymentPostprocessing = 0;
		};
		54590E0A1F1A5B89628C84B0 /* Resources */ = {
			isa = PBXResourcesBuildPhase;
			buildActionMask = 2147483647;
			files = (
			);
			runOnlyForDeploymentPostprocessing = 0;
		};
/* End PBXResourcesBuildPhase section */

/* Begin PBXSourcesBuildPhase section */
		54590B8007FF0D65E0D5BD88 /* Sources */ = {
			isa = PBXSourcesBuildPhase;
			buildActionMask = 2147483647;
			files = (
				54590AA1911C662336AF8398 /* main.m in Sources */,
				54590494AC60A4AD907D5E9B /* AppDelegate.m in Sources */,
				5459095BB1EF3329D823C738 /* FirstViewController.m in Sources */,
				5459032CFBCA2BD239D207E7 /* SecondViewController.m in Sources */,
			);
			runOnlyForDeploymentPostprocessing = 0;
		};
		54590C370EAB73FBBA0CCC19 /* Sources */ = {
			isa = PBXSourcesBuildPhase;
			buildActionMask = 2147483647;
			files = (
				545902EBDBC6272CB98C93D6 /* LostTimeTests.m in Sources */,
			);
			runOnlyForDeploymentPostprocessing = 0;
		};
/* End PBXSourcesBuildPhase section */

/* Begin PBXTargetDependency section */
		545907BAB8CB1DA272399CC8 /* PBXTargetDependency */ = {
			isa = PBXTargetDependency;
			target = 5459067595F685C78DD9BE67 /* LostTime */;
			targetProxy = 5459042948B9A880751D397E /* PBXContainerItemProxy */;
		};
/* End PBXTargetDependency section */

/* Begin PBXVariantGroup section */
		54590A245FD74E1F4587FC3F /* LaunchScreen.xib */ = {
			isa = PBXVariantGroup;
			children = (
				54590247D9BBC515C9F5C2D4 /* Base */,
			);
			name = LaunchScreen.xib;
			sourceTree = "<group>";
		};
		54590D1AA258ED83E8EAD809 /* Main.storyboard */ = {
			isa = PBXVariantGroup;
			children = (
				545909BF3704886FF802B397 /* Base */,
			);
			name = Main.storyboard;
			sourceTree = "<group>";
		};
/* End PBXVariantGroup section */

/* Begin XCBuildConfiguration section */
		545900CA86F51DC8E6E1C6C7 /* Release */ = {
			isa = XCBuildConfiguration;
			buildSettings = {
				ALWAYS_SEARCH_USER_PATHS = NO;
				CLANG_CXX_LANGUAGE_STANDARD = "gnu++0x";
				CLANG_CXX_LIBRARY = "libc++";
				CLANG_ENABLE_MODULES = YES;
				CLANG_ENABLE_OBJC_ARC = YES;
				CLANG_WARN_BOOL_CONVERSION = YES;
				CLANG_WARN_CONSTANT_CONVERSION = YES;
				CLANG_WARN_DIRECT_OBJC_ISA_USAGE = YES_ERROR;
				CLANG_WARN_EMPTY_BODY = YES;
				CLANG_WARN_ENUM_CONVERSION = YES;
				CLANG_WARN_INT_CONVERSION = YES;
				CLANG_WARN_OBJC_ROOT_CLASS = YES_ERROR;
				CLANG_WARN_UNREACHABLE_CODE = YES;
				CLANG_WARN__DUPLICATE_METHOD_MATCH = YES;
				"CODE_SIGN_IDENTITY[sdk=iphoneos*]" = "iPhone Developer";
				COPY_PHASE_STRIP = NO;
				DEBUG_INFORMATION_FORMAT = "dwarf-with-dsym";
				ENABLE_NS_ASSERTIONS = NO;
				ENABLE_STRICT_OBJC_MSGSEND = YES;
				GCC_C_LANGUAGE_STANDARD = gnu99;
				GCC_NO_COMMON_BLOCKS = YES;
				GCC_WARN_64_TO_32_BIT_CONVERSION = YES;
				GCC_WARN_ABOUT_RETURN_TYPE = YES_ERROR;
				GCC_WARN_UNDECLARED_SELECTOR = YES;
				GCC_WARN_UNINITIALIZED_AUTOS = YES_AGGRESSIVE;
				GCC_WARN_UNUSED_FUNCTION = YES;
				GCC_WARN_UNUSED_VARIABLE = YES;
				IPHONEOS_DEPLOYMENT_TARGET = 8.3;
				MTL_ENABLE_DEBUG_INFO = NO;
				SDKROOT = iphoneos;
				VALIDATE_PRODUCT = YES;
			};
			name = Release;
		};
		5459018CB49A145F3BB41923 /* Release */ = {
			isa = XCBuildConfiguration;
			buildSettings = {
				ASSETCATALOG_COMPILER_APPICON_NAME = AppIcon;
				INFOPLIST_FILE = LostTime/Info.plist;
				LD_RUNPATH_SEARCH_PATHS = "$(inherited) @executable_path/Frameworks";
				PRODUCT_NAME = "$(TARGET_NAME)";
			};
			name = Release;
		};
		54590579883E3065434E001A /* Debug */ = {
			isa = XCBuildConfiguration;
			buildSettings = {
				ASSETCATALOG_COMPILER_APPICON_NAME = AppIcon;
				INFOPLIST_FILE = LostTime/Info.plist;
				LD_RUNPATH_SEARCH_PATHS = "$(inherited) @executable_path/Frameworks";
				PRODUCT_NAME = "$(TARGET_NAME)";
			};
			name = Debug;
		};
		545906B92AEA5C45A2A5C9D2 /* Debug */ = {
			isa = XCBuildConfiguration;
			buildSettings = {
				ALWAYS_SEARCH_USER_PATHS = NO;
				CLANG_CXX_LANGUAGE_STANDARD = "gnu++0x";
				CLANG_CXX_LIBRARY = "libc++";
				CLANG_ENABLE_MODULES = YES;
				CLANG_ENABLE_OBJC_ARC = YES;
				CLANG_WARN_BOOL_CONVERSION = YES;
				CLANG_WARN_CONSTANT_CONVERSION = YES;
				CLANG_WARN_DIRECT_OBJC_ISA_USAGE = YES_ERROR;
				CLANG_WARN_EMPTY_BODY = YES;
				CLANG_WARN_ENUM_CONVERSION = YES;
				CLANG_WARN_INT_CONVERSION = YES;
				CLANG_WARN_OBJC_ROOT_CLASS = YES_ERROR;
				CLANG_WARN_UNREACHABLE_CODE = YES;
				CLANG_WARN__DUPLICATE_METHOD_MATCH = YES;
				"CODE_SIGN_IDENTITY[sdk=iphoneos*]" = "iPhone Developer";
				COPY_PHASE_STRIP = NO;
				DEBUG_INFORMATION_FORMAT = "dwarf-with-dsym";
				ENABLE_STRICT_OBJC_MSGSEND = YES;
				GCC_C_LANGUAGE_STANDARD = gnu99;
				GCC_DYNAMIC_NO_PIC = NO;
				GCC_NO_COMMON_BLOCKS = YES;
				GCC_OPTIMIZATION_LEVEL = 0;
				GCC_PREPROCESSOR_DEFINITIONS = (
					"DEBUG=1",
					"$(inherited)",
				);
				GCC_SYMBOLS_PRIVATE_EXTERN = NO;
				GCC_WARN_64_TO_32_BIT_CONVERSION = YES;
				GCC_WARN_ABOUT_RETURN_TYPE = YES_ERROR;
				GCC_WARN_UNDECLARED_SELECTOR = YES;
				GCC_WARN_UNINITIALIZED_AUTOS = YES_AGGRESSIVE;
				GCC_WARN_UNUSED_FUNCTION = YES;
				GCC_WARN_UNUSED_VARIABLE = YES;
				IPHONEOS_DEPLOYMENT_TARGET = 8.3;
				MTL_ENABLE_DEBUG_INFO = YES;
				ONLY_ACTIVE_ARCH = YES;
				SDKROOT = iphoneos;
			};
			name = Debug;
		};
		545908C7CF845F2795E3F5A6 /* Debug */ = {
			isa = XCBuildConfiguration;
			buildSettings = {
				BUNDLE_LOADER = "$(BUILT_PRODUCTS_DIR)/LostTime.app/LostTime";
				FRAMEWORK_SEARCH_PATHS = (
					"$(SDKROOT)/Developer/Library/Frameworks",
					"$(inherited)",
				);
				INFOPLIST_FILE = LostTimeTests/Info.plist;
				LD_RUNPATH_SEARCH_PATHS = "$(inherited) @executable_path/Frameworks @loader_path/Frameworks";
				PRODUCT_NAME = "$(TARGET_NAME)";
				TEST_HOST = "$(BUNDLE_LOADER)";
			};
			name = Debug;
		};
		54590955897A176BDBA25B3F /* Release */ = {
			isa = XCBuildConfiguration;
			buildSettings = {
				BUNDLE_LOADER = "$(BUILT_PRODUCTS_DIR)/LostTime.app/LostTime";
				FRAMEWORK_SEARCH_PATHS = (
					"$(SDKROOT)/Developer/Library/Frameworks",
					"$(inherited)",
				);
				INFOPLIST_FILE = LostTimeTests/Info.plist;
				LD_RUNPATH_SEARCH_PATHS = "$(inherited) @executable_path/Frameworks @loader_path/Frameworks";
				PRODUCT_NAME = "$(TARGET_NAME)";
				TEST_HOST = "$(BUNDLE_LOADER)";
			};
			name = Release;
		};
/* End XCBuildConfiguration section */

/* Begin XCConfigurationList section */
		5459027FB960CCF873B7AFEB /* Build configuration list for PBXNativeTarget "LostTime" */ = {
			isa = XCConfigurationList;
			buildConfigurations = (
				54590579883E3065434E001A /* Debug */,
				5459018CB49A145F3BB41923 /* Release */,
			);
			defaultConfigurationIsVisible = 0;
		};
		5459028BBD1F364A79D58DCA /* Build configuration list for PBXNativeTarget "LostTimeTests" */ = {
			isa = XCConfigurationList;
			buildConfigurations = (
				545908C7CF845F2795E3F5A6 /* Debug */,
				54590955897A176BDBA25B3F /* Release */,
			);
			defaultConfigurationIsVisible = 0;
		};
		54590B1AD8EAA3F93B98ECA9 /* Build configuration list for PBXProject "LostTime" */ = {
			isa = XCConfigurationList;
			buildConfigurations = (
				545906B92AEA5C45A2A5C9D2 /* Debug */,
				545900CA86F51DC8E6E1C6C7 /* Release */,
			);
			defaultConfigurationIsVisible = 0;
			defaultConfigurationName = Release;
		};
/* End XCConfigurationList section */
	};
	rootObject = 54590C9CE28C9DF23C476823 /* Project object */;
}
