// !$*UTF8*$!
{
	archiveVersion = 1;
	classes = {
	};
	objectVersion = 46;
	objects = {

/* Begin PBXBuildFile section */
		5459006F8313F554F675393C /* HundredHoursAchievementTests.m in Sources */ = {isa = PBXBuildFile; fileRef = 54590A5D699A80A76EAA8287 /* HundredHoursAchievementTests.m */; };
		545900E73F6BB9D6ADE0FA9F /* GameKit.framework in Frameworks */ = {isa = PBXBuildFile; fileRef = 54590188524F4D6430B8F34A /* GameKit.framework */; };
		5459010F1F62557EDD9BB359 /* GameKitHelper.m in Sources */ = {isa = PBXBuildFile; fileRef = 545907177C647A87656B433C /* GameKitHelper.m */; };
		545901374D1EB79C01B9492F /* circlequarter-red@2x.png in Resources */ = {isa = PBXBuildFile; fileRef = 545906D13787D6F5BFA69EB2 /* circlequarter-red@2x.png */; };
		54590146A9F5CFCECF62616F /* HourAchievement.m in Sources */ = {isa = PBXBuildFile; fileRef = 5459045DDBBC8BD2CE016069 /* HourAchievement.m */; };
		5459016BD06E5B51D5C9F773 /* HoursNode.m in Sources */ = {isa = PBXBuildFile; fileRef = 545902BC3E000D4FF5A87D8E /* HoursNode.m */; };
		545901B258CCC877777B4C6F /* PaddedTextField.m in Sources */ = {isa = PBXBuildFile; fileRef = 54590986DD8029469F541ACC /* PaddedTextField.m */; };
		545901CF489178D7FA2A7E6D /* WorkDayInWeekAchievementTests.m in Sources */ = {isa = PBXBuildFile; fileRef = 54590F22F2C2090E1E6DA181 /* WorkDayInWeekAchievementTests.m */; };
		545901FCD9EFB7567E64FAB6 /* SpriteKit.framework in Frameworks */ = {isa = PBXBuildFile; fileRef = 545905C8756B6771B6A1D889 /* SpriteKit.framework */; };
		545902374A81286DBE0E63F3 /* HourAchievementTest.m in Sources */ = {isa = PBXBuildFile; fileRef = 545903D19AD3A34EB009125F /* HourAchievementTest.m */; };
		545902386EC8DB45907F02CE /* AccountantAchievementTests.m in Sources */ = {isa = PBXBuildFile; fileRef = 5459005BD314CF90C04B40C8 /* AccountantAchievementTests.m */; };
		5459023F8C5E51FCF3A6BA1C /* FeedbackController.m in Sources */ = {isa = PBXBuildFile; fileRef = 54590CB1FA71A8A91CB50F79 /* FeedbackController.m */; };
		5459024E098907197DEA5FA7 /* FourHourWeekAchievement.m in Sources */ = {isa = PBXBuildFile; fileRef = 54590024EA6D3D44957A8528 /* FourHourWeekAchievement.m */; };
		545902697577CC6B1E3FBD0C /* TrackCell.xib in Resources */ = {isa = PBXBuildFile; fileRef = 545905800149CDF6DABBB105 /* TrackCell.xib */; };
		5459028204A5A7143286C806 /* GraphHelper.m in Sources */ = {isa = PBXBuildFile; fileRef = 5459069F57F4D0202BF82D9A /* GraphHelper.m */; };
		545902EBDBC6272CB98C93D6 /* LostTimeTests.m in Sources */ = {isa = PBXBuildFile; fileRef = 54590609CFCB1F43173AA97E /* LostTimeTests.m */; };
		545903034D9A64504A5A071A /* UIImageViewHelper.m in Sources */ = {isa = PBXBuildFile; fileRef = 54590D0FE751ADF20DDEA26E /* UIImageViewHelper.m */; };
		54590330B53DC74C6CE1FFA8 /* Launch.storyboard in Resources */ = {isa = PBXBuildFile; fileRef = 5459097678D4578C3F94DE07 /* Launch.storyboard */; };
		54590455F594B12AF44C5892 /* ReasonController.m in Sources */ = {isa = PBXBuildFile; fileRef = 54590A97DED75DD3FD0993F7 /* ReasonController.m */; };
		54590477C97059B77455EBF9 /* web in Resources */ = {isa = PBXBuildFile; fileRef = 54590F823D63D2EC73F68159 /* web */; };
		54590494AC60A4AD907D5E9B /* AppDelegate.m in Sources */ = {isa = PBXBuildFile; fileRef = 5459062EE5FDEC882473A1C0 /* AppDelegate.m */; };
		5459054D6EB04D86AE4D7480 /* HundredHoursAchievement.m in Sources */ = {isa = PBXBuildFile; fileRef = 545904E013CCC12B1D5EC1F0 /* HundredHoursAchievement.m */; };
		5459058949A25B3789E7EEF6 /* AccountantAchievement.m in Sources */ = {isa = PBXBuildFile; fileRef = 5459094FA716F9E118213940 /* AccountantAchievement.m */; };
		545905919FDC490CB7BE9813 /* TimeHelper.m in Sources */ = {isa = PBXBuildFile; fileRef = 54590EC359A116A9667FD786 /* TimeHelper.m */; };
		54590591B406424328143825 /* Achievements.m in Sources */ = {isa = PBXBuildFile; fileRef = 545904A46F4C245032776171 /* Achievements.m */; };
		5459061DDE4CAE330B16096A /* TrackCell.m in Sources */ = {isa = PBXBuildFile; fileRef = 545908F3C027F4978E24B135 /* TrackCell.m */; };
		5459065C0EFCDFB4573B0130 /* LostTimeDataStoreTests.m in Sources */ = {isa = PBXBuildFile; fileRef = 545900458340AF1DB7AFCAB0 /* LostTimeDataStoreTests.m */; };
		54590667D7D78C6703FEC5C1 /* WorkDayInWeekAchievement.m in Sources */ = {isa = PBXBuildFile; fileRef = 5459060157B174C935DC9355 /* WorkDayInWeekAchievement.m */; };
		5459067C3852C919F5CA143D /* TrackCellTests.m in Sources */ = {isa = PBXBuildFile; fileRef = 5459047CA5ED46BBD7653C29 /* TrackCellTests.m */; };
		545906E8AFC01A594A5A715C /* SecondsNode.m in Sources */ = {isa = PBXBuildFile; fileRef = 54590BD91A6F8AB9510726DB /* SecondsNode.m */; };
		5459073E60D1D2A7ADE118AB /* DateHelper.m in Sources */ = {isa = PBXBuildFile; fileRef = 54590ABCBA7904F6F0F3397A /* DateHelper.m */; };
		5459074C79568255C7FE1422 /* TrackEmptyView.xib in Resources */ = {isa = PBXBuildFile; fileRef = 54590703FF6A2C42C821DA6B /* TrackEmptyView.xib */; };
		545907D8B843FA8451BC5F85 /* LostTimeDataStore.m in Sources */ = {isa = PBXBuildFile; fileRef = 54590E983348DC88815EB27D /* LostTimeDataStore.m */; };
		545908382AE827E5F288605E /* TimerController.m in Sources */ = {isa = PBXBuildFile; fileRef = 545900DC7DEC3228AFF57E19 /* TimerController.m */; };
		5459089241AB836E74B89F08 /* IntroConnectToGameCenterViewController.m in Sources */ = {isa = PBXBuildFile; fileRef = 545909C1DC9978B3BC47BD3D /* IntroConnectToGameCenterViewController.m */; };
		545908C3CA60AC1FB29F677A /* ConsistencyAchievementTests.m in Sources */ = {isa = PBXBuildFile; fileRef = 54590BA281A434E5757EEAC6 /* ConsistencyAchievementTests.m */; };
		545908C91EB5ECE9D7C910E8 /* SpecificityAchievement.m in Sources */ = {isa = PBXBuildFile; fileRef = 54590AD9A19269C409D000C1 /* SpecificityAchievement.m */; };
		545908D9B4B6A6C1279D1646 /* DayHelper.m in Sources */ = {isa = PBXBuildFile; fileRef = 54590A16BAD70D01AB13079B /* DayHelper.m */; };
		545908E206CF295E3263F890 /* TrackController.m in Sources */ = {isa = PBXBuildFile; fileRef = 545901657A8C5ABE65408C6A /* TrackController.m */; };
		545909023F3E02E1D194E248 /* EditLogViewController.storyboard in Resources */ = {isa = PBXBuildFile; fileRef = 545909B76749A0B4259D79AE /* EditLogViewController.storyboard */; };
		5459091E7EF62E6CA52B0A66 /* MinutesNode.m in Sources */ = {isa = PBXBuildFile; fileRef = 54590567A5E9C425BC05DD8F /* MinutesNode.m */; };
		54590967294B733A81300402 /* TrackControllerTests.m in Sources */ = {isa = PBXBuildFile; fileRef = 54590B85D40B36A45D82F357 /* TrackControllerTests.m */; };
		5459096C6C73F2BA0646E69F /* SpecificityAchievementTests.m in Sources */ = {isa = PBXBuildFile; fileRef = 54590656179D1FE4C5422F77 /* SpecificityAchievementTests.m */; };
		54590977C77CC793EFEC70D9 /* GraphHelperTests.m in Sources */ = {isa = PBXBuildFile; fileRef = 54590D35D8E317C121003C9F /* GraphHelperTests.m */; };
		54590A8A02260558688AECEB /* TimeTickNode.m in Sources */ = {isa = PBXBuildFile; fileRef = 54590EB72DDB2CFD3F2B725C /* TimeTickNode.m */; };
		54590AA1911C662336AF8398 /* main.m in Sources */ = {isa = PBXBuildFile; fileRef = 5459006AF87A602E819F02E5 /* main.m */; };
		54590AD39F936714E26609CB /* EditLogViewController.m in Sources */ = {isa = PBXBuildFile; fileRef = 54590BF65FEF819DAF85C4FB /* EditLogViewController.m */; };
		54590B143220CBCC5CA17F24 /* LostTimeRecord.m in Sources */ = {isa = PBXBuildFile; fileRef = 545909D61D9FC2F1EFC875A9 /* LostTimeRecord.m */; };
		54590B68EC6B6331DEFA4AB1 /* ReasonController.storyboard in Resources */ = {isa = PBXBuildFile; fileRef = 54590878D6C560687F112486 /* ReasonController.storyboard */; };
		54590B81331DA9D5AEDF9AE5 /* IntroPageController.m in Sources */ = {isa = PBXBuildFile; fileRef = 54590A78EE00E00DB4B2A3C0 /* IntroPageController.m */; };
		54590BA54542ABF291FB6A31 /* circlequarter-yellow@2x.png in Resources */ = {isa = PBXBuildFile; fileRef = 54590D4BD8F8222C20162ECF /* circlequarter-yellow@2x.png */; };
		54590C146F088DFA006313B7 /* Intro.storyboard in Resources */ = {isa = PBXBuildFile; fileRef = 54590868F0D4706C89632D3F /* Intro.storyboard */; };
		54590CB7EACF3AD61B0997F0 /* AchievementController.m in Sources */ = {isa = PBXBuildFile; fileRef = 5459089708CA9C0344A17DB4 /* AchievementController.m */; };
		54590CE7409845F33A0B6F12 /* Main.storyboard in Resources */ = {isa = PBXBuildFile; fileRef = 54590D1AA258ED83E8EAD809 /* Main.storyboard */; };
		54590D089674A6C2EA908B1A /* Images.xcassets in Resources */ = {isa = PBXBuildFile; fileRef = 54590DB57384CA77240E349C /* Images.xcassets */; };
		54590D849E9FCB0FB3657C52 /* ConsistencyAchievement.m in Sources */ = {isa = PBXBuildFile; fileRef = 54590601E80EC6F29D1E7C57 /* ConsistencyAchievement.m */; };
		54590D9A7C2C0422F9F38F3B /* GraphController.m in Sources */ = {isa = PBXBuildFile; fileRef = 545907378EB828BF041CA440 /* GraphController.m */; };
		54590DC89CD4D4AA0AAF57C9 /* GetStartedViewController.m in Sources */ = {isa = PBXBuildFile; fileRef = 545909C6CBB2CEF50DC2DCC9 /* GetStartedViewController.m */; };
		54590E692AE90658135C0D52 /* TimeScene.m in Sources */ = {isa = PBXBuildFile; fileRef = 54590AFE2827F952F9BE04A4 /* TimeScene.m */; };
		54590EA5E85CDD6DDD76E91D /* LostTimeRecordTests.m in Sources */ = {isa = PBXBuildFile; fileRef = 54590AAE8BF0DC85F2DD4585 /* LostTimeRecordTests.m */; };
		54590ECF2595AE211E0CE927 /* circlequarter-green@2x.png in Resources */ = {isa = PBXBuildFile; fileRef = 545906E45400E1058080B77E /* circlequarter-green@2x.png */; };
		54590F7059FF27F08B5503E1 /* FourHourWeekAchievementTests.m in Sources */ = {isa = PBXBuildFile; fileRef = 54590B7975EE6B004DC5078C /* FourHourWeekAchievementTests.m */; };
		54590F8AA27794F9777F81C5 /* FirstAchievement.m in Sources */ = {isa = PBXBuildFile; fileRef = 54590795C8AB6DBE18950514 /* FirstAchievement.m */; };
		54590FEED62FCF4F4D58D2E4 /* IntroMarker.m in Sources */ = {isa = PBXBuildFile; fileRef = 545901899ED8FBEE255A6A26 /* IntroMarker.m */; };
		DA6F9268739F2CCCE3B23264 /* libPods.a in Frameworks */ = {isa = PBXBuildFile; fileRef = 136313DD2F2BD938AA30A747 /* libPods.a */; };
/* End PBXBuildFile section */

/* Begin PBXContainerItemProxy section */
		5459042948B9A880751D397E /* PBXContainerItemProxy */ = {
			isa = PBXContainerItemProxy;
			containerPortal = 54590C9CE28C9DF23C476823 /* Project object */;
			proxyType = 1;
			remoteGlobalIDString = 5459067595F685C78DD9BE67;
			remoteInfo = LostTime;
		};
/* End PBXContainerItemProxy section */

/* Begin PBXFileReference section */
		136313DD2F2BD938AA30A747 /* libPods.a */ = {isa = PBXFileReference; explicitFileType = archive.ar; includeInIndex = 0; path = libPods.a; sourceTree = BUILT_PRODUCTS_DIR; };
		54590024EA6D3D44957A8528 /* FourHourWeekAchievement.m */ = {isa = PBXFileReference; fileEncoding = 4; lastKnownFileType = sourcecode.c.objc; path = FourHourWeekAchievement.m; sourceTree = "<group>"; };
		545900458340AF1DB7AFCAB0 /* LostTimeDataStoreTests.m */ = {isa = PBXFileReference; fileEncoding = 4; lastKnownFileType = sourcecode.c.objc; path = LostTimeDataStoreTests.m; sourceTree = "<group>"; };
		5459005A390B6FEBDF425B20 /* FeedbackController.h */ = {isa = PBXFileReference; fileEncoding = 4; lastKnownFileType = sourcecode.c.h; path = FeedbackController.h; sourceTree = "<group>"; };
		5459005BD314CF90C04B40C8 /* AccountantAchievementTests.m */ = {isa = PBXFileReference; fileEncoding = 4; lastKnownFileType = sourcecode.c.objc; path = AccountantAchievementTests.m; sourceTree = "<group>"; };
		5459006AF87A602E819F02E5 /* main.m */ = {isa = PBXFileReference; lastKnownFileType = sourcecode.c.objc; path = main.m; sourceTree = "<group>"; };
		545900BE96AEB07DB7928505 /* WorkDayInWeekAchievement.h */ = {isa = PBXFileReference; fileEncoding = 4; lastKnownFileType = sourcecode.c.h; path = WorkDayInWeekAchievement.h; sourceTree = "<group>"; };
		545900DC7DEC3228AFF57E19 /* TimerController.m */ = {isa = PBXFileReference; fileEncoding = 4; lastKnownFileType = sourcecode.c.objc; path = TimerController.m; sourceTree = "<group>"; };
		545900E0FBBBD9B5999E0CC1 /* UIImageViewHelper.h */ = {isa = PBXFileReference; fileEncoding = 4; lastKnownFileType = sourcecode.c.h; path = UIImageViewHelper.h; sourceTree = "<group>"; };
		545901657A8C5ABE65408C6A /* TrackController.m */ = {isa = PBXFileReference; fileEncoding = 4; lastKnownFileType = sourcecode.c.objc; path = TrackController.m; sourceTree = "<group>"; };
		5459017B62017DE9743DA875 /* GetStartedViewController.h */ = {isa = PBXFileReference; fileEncoding = 4; lastKnownFileType = sourcecode.c.h; path = GetStartedViewController.h; sourceTree = "<group>"; };
		54590188524F4D6430B8F34A /* GameKit.framework */ = {isa = PBXFileReference; lastKnownFileType = wrapper.framework; name = GameKit.framework; path = System/Library/Frameworks/GameKit.framework; sourceTree = SDKROOT; };
		545901899ED8FBEE255A6A26 /* IntroMarker.m */ = {isa = PBXFileReference; fileEncoding = 4; lastKnownFileType = sourcecode.c.objc; path = IntroMarker.m; sourceTree = "<group>"; };
		545901C0B01F59F23B3A0B71 /* Achievements.h */ = {isa = PBXFileReference; fileEncoding = 4; lastKnownFileType = sourcecode.c.h; path = Achievements.h; sourceTree = "<group>"; };
		54590207DB00B71CDB6030D1 /* LostTimeRecord.h */ = {isa = PBXFileReference; fileEncoding = 4; lastKnownFileType = sourcecode.c.h; path = LostTimeRecord.h; sourceTree = "<group>"; };
		5459024D3B6C157A764AAC57 /* TimerController.h */ = {isa = PBXFileReference; fileEncoding = 4; lastKnownFileType = sourcecode.c.h; path = TimerController.h; sourceTree = "<group>"; };
		5459029F686CA4E72AB765FC /* EditLogViewController.h */ = {isa = PBXFileReference; fileEncoding = 4; lastKnownFileType = sourcecode.c.h; path = EditLogViewController.h; sourceTree = "<group>"; };
		545902BC3E000D4FF5A87D8E /* HoursNode.m */ = {isa = PBXFileReference; fileEncoding = 4; lastKnownFileType = sourcecode.c.objc; path = HoursNode.m; sourceTree = "<group>"; };
		5459033EB22F9366E203152D /* TimeHelper.h */ = {isa = PBXFileReference; fileEncoding = 4; lastKnownFileType = sourcecode.c.h; path = TimeHelper.h; sourceTree = "<group>"; };
		54590397212FC7E3A1094A88 /* LostTimeTests.xctest */ = {isa = PBXFileReference; explicitFileType = wrapper.cfbundle; includeInIndex = 0; path = LostTimeTests.xctest; sourceTree = BUILT_PRODUCTS_DIR; };
		545903D19AD3A34EB009125F /* HourAchievementTest.m */ = {isa = PBXFileReference; fileEncoding = 4; lastKnownFileType = sourcecode.c.objc; path = HourAchievementTest.m; sourceTree = "<group>"; };
		5459041C8F31B171A0E00614 /* SpecificityAchievement.h */ = {isa = PBXFileReference; fileEncoding = 4; lastKnownFileType = sourcecode.c.h; path = SpecificityAchievement.h; sourceTree = "<group>"; };
		54590431A1EB7AE831ACF450 /* LostTimeDataStore.h */ = {isa = PBXFileReference; fileEncoding = 4; lastKnownFileType = sourcecode.c.h; path = LostTimeDataStore.h; sourceTree = "<group>"; };
		5459045DDBBC8BD2CE016069 /* HourAchievement.m */ = {isa = PBXFileReference; fileEncoding = 4; lastKnownFileType = sourcecode.c.objc; path = HourAchievement.m; sourceTree = "<group>"; };
		5459047CA5ED46BBD7653C29 /* TrackCellTests.m */ = {isa = PBXFileReference; fileEncoding = 4; lastKnownFileType = sourcecode.c.objc; path = TrackCellTests.m; sourceTree = "<group>"; };
		545904A46F4C245032776171 /* Achievements.m */ = {isa = PBXFileReference; fileEncoding = 4; lastKnownFileType = sourcecode.c.objc; path = Achievements.m; sourceTree = "<group>"; };
		545904E013CCC12B1D5EC1F0 /* HundredHoursAchievement.m */ = {isa = PBXFileReference; fileEncoding = 4; lastKnownFileType = sourcecode.c.objc; path = HundredHoursAchievement.m; sourceTree = "<group>"; };
		545904EBCB62DF35D899ECC4 /* ConsistencyAchievement.h */ = {isa = PBXFileReference; fileEncoding = 4; lastKnownFileType = sourcecode.c.h; path = ConsistencyAchievement.h; sourceTree = "<group>"; };
		5459052948B867D4DDFB069D /* PaddedTextField.h */ = {isa = PBXFileReference; fileEncoding = 4; lastKnownFileType = sourcecode.c.h; path = PaddedTextField.h; sourceTree = "<group>"; };
		54590567A5E9C425BC05DD8F /* MinutesNode.m */ = {isa = PBXFileReference; fileEncoding = 4; lastKnownFileType = sourcecode.c.objc; path = MinutesNode.m; sourceTree = "<group>"; };
		54590567E3EA7FB8A9AC77C6 /* HourAchievement.h */ = {isa = PBXFileReference; fileEncoding = 4; lastKnownFileType = sourcecode.c.h; path = HourAchievement.h; sourceTree = "<group>"; };
		5459057CFB6D3583EA31ABED /* DayHelper.h */ = {isa = PBXFileReference; fileEncoding = 4; lastKnownFileType = sourcecode.c.h; path = DayHelper.h; sourceTree = "<group>"; };
		545905800149CDF6DABBB105 /* TrackCell.xib */ = {isa = PBXFileReference; lastKnownFileType = file.xib; path = TrackCell.xib; sourceTree = "<group>"; };
		545905C8756B6771B6A1D889 /* SpriteKit.framework */ = {isa = PBXFileReference; lastKnownFileType = wrapper.framework; name = SpriteKit.framework; path = System/Library/Frameworks/SpriteKit.framework; sourceTree = SDKROOT; };
		545905D6D0CE0C54168EC814 /* IntroPageController.h */ = {isa = PBXFileReference; fileEncoding = 4; lastKnownFileType = sourcecode.c.h; path = IntroPageController.h; sourceTree = "<group>"; };
		545905FB64CE481A0937F154 /* TrackCell.h */ = {isa = PBXFileReference; fileEncoding = 4; lastKnownFileType = sourcecode.c.h; path = TrackCell.h; sourceTree = "<group>"; };
		5459060157B174C935DC9355 /* WorkDayInWeekAchievement.m */ = {isa = PBXFileReference; fileEncoding = 4; lastKnownFileType = sourcecode.c.objc; path = WorkDayInWeekAchievement.m; sourceTree = "<group>"; };
		54590601E80EC6F29D1E7C57 /* ConsistencyAchievement.m */ = {isa = PBXFileReference; fileEncoding = 4; lastKnownFileType = sourcecode.c.objc; path = ConsistencyAchievement.m; sourceTree = "<group>"; };
		54590609CFCB1F43173AA97E /* LostTimeTests.m */ = {isa = PBXFileReference; lastKnownFileType = sourcecode.c.objc; path = LostTimeTests.m; sourceTree = "<group>"; };
		5459062EE5FDEC882473A1C0 /* AppDelegate.m */ = {isa = PBXFileReference; lastKnownFileType = sourcecode.c.objc; path = AppDelegate.m; sourceTree = "<group>"; };
		5459063B8F1FC1F71D172C49 /* AccountantAchievement.h */ = {isa = PBXFileReference; fileEncoding = 4; lastKnownFileType = sourcecode.c.h; path = AccountantAchievement.h; sourceTree = "<group>"; };
		54590656179D1FE4C5422F77 /* SpecificityAchievementTests.m */ = {isa = PBXFileReference; fileEncoding = 4; lastKnownFileType = sourcecode.c.objc; path = SpecificityAchievementTests.m; sourceTree = "<group>"; };
		545906596041D062D37EC032 /* HundredHoursAchievement.h */ = {isa = PBXFileReference; fileEncoding = 4; lastKnownFileType = sourcecode.c.h; path = HundredHoursAchievement.h; sourceTree = "<group>"; };
		5459069F57F4D0202BF82D9A /* GraphHelper.m */ = {isa = PBXFileReference; fileEncoding = 4; lastKnownFileType = sourcecode.c.objc; path = GraphHelper.m; sourceTree = "<group>"; };
		545906B60B8C81CBE52A90C0 /* IntroMarker.h */ = {isa = PBXFileReference; fileEncoding = 4; lastKnownFileType = sourcecode.c.h; path = IntroMarker.h; sourceTree = "<group>"; };
		545906BA585CD8E228734F1C /* GameKitHelper.h */ = {isa = PBXFileReference; fileEncoding = 4; lastKnownFileType = sourcecode.c.h; path = GameKitHelper.h; sourceTree = "<group>"; };
		545906D01743A2CDFC0B3EAA /* SecondsNode.h */ = {isa = PBXFileReference; fileEncoding = 4; lastKnownFileType = sourcecode.c.h; path = SecondsNode.h; sourceTree = "<group>"; };
		545906D13787D6F5BFA69EB2 /* circlequarter-red@2x.png */ = {isa = PBXFileReference; lastKnownFileType = image.png; path = "circlequarter-red@2x.png"; sourceTree = "<group>"; };
		545906E45400E1058080B77E /* circlequarter-green@2x.png */ = {isa = PBXFileReference; lastKnownFileType = image.png; path = "circlequarter-green@2x.png"; sourceTree = "<group>"; };
		54590703FF6A2C42C821DA6B /* TrackEmptyView.xib */ = {isa = PBXFileReference; lastKnownFileType = file.xib; path = TrackEmptyView.xib; sourceTree = "<group>"; };
		5459071614D86254632935E0 /* ReasonController.h */ = {isa = PBXFileReference; fileEncoding = 4; lastKnownFileType = sourcecode.c.h; path = ReasonController.h; sourceTree = "<group>"; };
		545907177C647A87656B433C /* GameKitHelper.m */ = {isa = PBXFileReference; fileEncoding = 4; lastKnownFileType = sourcecode.c.objc; path = GameKitHelper.m; sourceTree = "<group>"; };
		545907378EB828BF041CA440 /* GraphController.m */ = {isa = PBXFileReference; fileEncoding = 4; lastKnownFileType = sourcecode.c.objc; path = GraphController.m; sourceTree = "<group>"; };
		5459073938FCFB463F125B58 /* FourHourWeekAchievement.h */ = {isa = PBXFileReference; fileEncoding = 4; lastKnownFileType = sourcecode.c.h; path = FourHourWeekAchievement.h; sourceTree = "<group>"; };
		54590795C8AB6DBE18950514 /* FirstAchievement.m */ = {isa = PBXFileReference; fileEncoding = 4; lastKnownFileType = sourcecode.c.objc; path = FirstAchievement.m; sourceTree = "<group>"; };
		545907B7BFAC7F2A370B02A0 /* AchievementTest.h */ = {isa = PBXFileReference; fileEncoding = 4; lastKnownFileType = sourcecode.c.h; path = AchievementTest.h; sourceTree = "<group>"; };
		545907D05BBB587BBACDE9C1 /* LostTime.app */ = {isa = PBXFileReference; explicitFileType = wrapper.application; includeInIndex = 0; path = LostTime.app; sourceTree = BUILT_PRODUCTS_DIR; };
		5459080D3644EF7BD23659F7 /* IntroConnectToGameCenterViewController.h */ = {isa = PBXFileReference; fileEncoding = 4; lastKnownFileType = sourcecode.c.h; path = IntroConnectToGameCenterViewController.h; sourceTree = "<group>"; };
		5459081B013A0AC8459A60CB /* FirstAchievement.h */ = {isa = PBXFileReference; fileEncoding = 4; lastKnownFileType = sourcecode.c.h; path = FirstAchievement.h; sourceTree = "<group>"; };
		54590868F0D4706C89632D3F /* Intro.storyboard */ = {isa = PBXFileReference; lastKnownFileType = file.storyboard; path = Intro.storyboard; sourceTree = "<group>"; };
		54590878D6C560687F112486 /* ReasonController.storyboard */ = {isa = PBXFileReference; lastKnownFileType = file.storyboard; path = ReasonController.storyboard; sourceTree = "<group>"; };
		5459089708CA9C0344A17DB4 /* AchievementController.m */ = {isa = PBXFileReference; fileEncoding = 4; lastKnownFileType = sourcecode.c.objc; path = AchievementController.m; sourceTree = "<group>"; };
		545908F3C027F4978E24B135 /* TrackCell.m */ = {isa = PBXFileReference; fileEncoding = 4; lastKnownFileType = sourcecode.c.objc; path = TrackCell.m; sourceTree = "<group>"; };
		545908FC15ABF7F3F3073ABA /* GraphController.h */ = {isa = PBXFileReference; fileEncoding = 4; lastKnownFileType = sourcecode.c.h; path = GraphController.h; sourceTree = "<group>"; };
		5459094FA716F9E118213940 /* AccountantAchievement.m */ = {isa = PBXFileReference; fileEncoding = 4; lastKnownFileType = sourcecode.c.objc; path = AccountantAchievement.m; sourceTree = "<group>"; };
		5459097678D4578C3F94DE07 /* Launch.storyboard */ = {isa = PBXFileReference; lastKnownFileType = file.storyboard; path = Launch.storyboard; sourceTree = "<group>"; };
		54590986DD8029469F541ACC /* PaddedTextField.m */ = {isa = PBXFileReference; fileEncoding = 4; lastKnownFileType = sourcecode.c.objc; path = PaddedTextField.m; sourceTree = "<group>"; };
		545909B76749A0B4259D79AE /* EditLogViewController.storyboard */ = {isa = PBXFileReference; lastKnownFileType = file.storyboard; path = EditLogViewController.storyboard; sourceTree = "<group>"; };
		545909BF3704886FF802B397 /* Base */ = {isa = PBXFileReference; lastKnownFileType = file.storyboard; name = Base; path = Base.lproj/Main.storyboard; sourceTree = "<group>"; };
		545909C1DC9978B3BC47BD3D /* IntroConnectToGameCenterViewController.m */ = {isa = PBXFileReference; fileEncoding = 4; lastKnownFileType = sourcecode.c.objc; path = IntroConnectToGameCenterViewController.m; sourceTree = "<group>"; };
		545909C6CBB2CEF50DC2DCC9 /* GetStartedViewController.m */ = {isa = PBXFileReference; fileEncoding = 4; lastKnownFileType = sourcecode.c.objc; path = GetStartedViewController.m; sourceTree = "<group>"; };
		545909D61D9FC2F1EFC875A9 /* LostTimeRecord.m */ = {isa = PBXFileReference; fileEncoding = 4; lastKnownFileType = sourcecode.c.objc; path = LostTimeRecord.m; sourceTree = "<group>"; };
		54590A16BAD70D01AB13079B /* DayHelper.m */ = {isa = PBXFileReference; fileEncoding = 4; lastKnownFileType = sourcecode.c.objc; path = DayHelper.m; sourceTree = "<group>"; };
		54590A4FF9C67BA265970A21 /* TrackController.h */ = {isa = PBXFileReference; fileEncoding = 4; lastKnownFileType = sourcecode.c.h; path = TrackController.h; sourceTree = "<group>"; };
		54590A5D699A80A76EAA8287 /* HundredHoursAchievementTests.m */ = {isa = PBXFileReference; fileEncoding = 4; lastKnownFileType = sourcecode.c.objc; path = HundredHoursAchievementTests.m; sourceTree = "<group>"; };
		54590A78EE00E00DB4B2A3C0 /* IntroPageController.m */ = {isa = PBXFileReference; fileEncoding = 4; lastKnownFileType = sourcecode.c.objc; path = IntroPageController.m; sourceTree = "<group>"; };
		54590A97DED75DD3FD0993F7 /* ReasonController.m */ = {isa = PBXFileReference; fileEncoding = 4; lastKnownFileType = sourcecode.c.objc; path = ReasonController.m; sourceTree = "<group>"; };
		54590AAC36AAEB568019B6CF /* GraphHelper.h */ = {isa = PBXFileReference; fileEncoding = 4; lastKnownFileType = sourcecode.c.h; path = GraphHelper.h; sourceTree = "<group>"; };
		54590AAE8BF0DC85F2DD4585 /* LostTimeRecordTests.m */ = {isa = PBXFileReference; fileEncoding = 4; lastKnownFileType = sourcecode.c.objc; path = LostTimeRecordTests.m; sourceTree = "<group>"; };
		54590ABCBA7904F6F0F3397A /* DateHelper.m */ = {isa = PBXFileReference; fileEncoding = 4; lastKnownFileType = sourcecode.c.objc; path = DateHelper.m; sourceTree = "<group>"; };
		54590AD9A19269C409D000C1 /* SpecificityAchievement.m */ = {isa = PBXFileReference; fileEncoding = 4; lastKnownFileType = sourcecode.c.objc; path = SpecificityAchievement.m; sourceTree = "<group>"; };
		54590AFE2827F952F9BE04A4 /* TimeScene.m */ = {isa = PBXFileReference; fileEncoding = 4; lastKnownFileType = sourcecode.c.objc; path = TimeScene.m; sourceTree = "<group>"; };
		54590B7975EE6B004DC5078C /* FourHourWeekAchievementTests.m */ = {isa = PBXFileReference; fileEncoding = 4; lastKnownFileType = sourcecode.c.objc; path = FourHourWeekAchievementTests.m; sourceTree = "<group>"; };
		54590B85D40B36A45D82F357 /* TrackControllerTests.m */ = {isa = PBXFileReference; fileEncoding = 4; lastKnownFileType = sourcecode.c.objc; path = TrackControllerTests.m; sourceTree = "<group>"; };
		54590BA281A434E5757EEAC6 /* ConsistencyAchievementTests.m */ = {isa = PBXFileReference; fileEncoding = 4; lastKnownFileType = sourcecode.c.objc; path = ConsistencyAchievementTests.m; sourceTree = "<group>"; };
		54590BD91A6F8AB9510726DB /* SecondsNode.m */ = {isa = PBXFileReference; fileEncoding = 4; lastKnownFileType = sourcecode.c.objc; path = SecondsNode.m; sourceTree = "<group>"; };
		54590BF65FEF819DAF85C4FB /* EditLogViewController.m */ = {isa = PBXFileReference; fileEncoding = 4; lastKnownFileType = sourcecode.c.objc; path = EditLogViewController.m; sourceTree = "<group>"; };
		54590C2DA1D4DACA618465BC /* TimeTickNode.h */ = {isa = PBXFileReference; fileEncoding = 4; lastKnownFileType = sourcecode.c.h; path = TimeTickNode.h; sourceTree = "<group>"; };
		54590C3CB8D8C0C767686A47 /* ReasonDelegate.h */ = {isa = PBXFileReference; fileEncoding = 4; lastKnownFileType = sourcecode.c.h; path = ReasonDelegate.h; sourceTree = "<group>"; };
		54590C89A5FEF19752A2DAAC /* TimeScene.h */ = {isa = PBXFileReference; fileEncoding = 4; lastKnownFileType = sourcecode.c.h; path = TimeScene.h; sourceTree = "<group>"; };
		54590CB1FA71A8A91CB50F79 /* FeedbackController.m */ = {isa = PBXFileReference; fileEncoding = 4; lastKnownFileType = sourcecode.c.objc; path = FeedbackController.m; sourceTree = "<group>"; };
		54590CB913D1972F1B7895FC /* HoursNode.h */ = {isa = PBXFileReference; fileEncoding = 4; lastKnownFileType = sourcecode.c.h; path = HoursNode.h; sourceTree = "<group>"; };
		54590D0FE751ADF20DDEA26E /* UIImageViewHelper.m */ = {isa = PBXFileReference; fileEncoding = 4; lastKnownFileType = sourcecode.c.objc; path = UIImageViewHelper.m; sourceTree = "<group>"; };
		54590D2E70EC27D80307F5E1 /* AchievementController.h */ = {isa = PBXFileReference; fileEncoding = 4; lastKnownFileType = sourcecode.c.h; path = AchievementController.h; sourceTree = "<group>"; };
		54590D35D8E317C121003C9F /* GraphHelperTests.m */ = {isa = PBXFileReference; fileEncoding = 4; lastKnownFileType = sourcecode.c.objc; path = GraphHelperTests.m; sourceTree = "<group>"; };
		54590D4BD8F8222C20162ECF /* circlequarter-yellow@2x.png */ = {isa = PBXFileReference; lastKnownFileType = image.png; path = "circlequarter-yellow@2x.png"; sourceTree = "<group>"; };
		54590DA26D71F0CE0C571972 /* DateHelper.h */ = {isa = PBXFileReference; fileEncoding = 4; lastKnownFileType = sourcecode.c.h; path = DateHelper.h; sourceTree = "<group>"; };
		54590DB57384CA77240E349C /* Images.xcassets */ = {isa = PBXFileReference; lastKnownFileType = folder.assetcatalog; path = Images.xcassets; sourceTree = "<group>"; };
		54590E983348DC88815EB27D /* LostTimeDataStore.m */ = {isa = PBXFileReference; fileEncoding = 4; lastKnownFileType = sourcecode.c.objc; path = LostTimeDataStore.m; sourceTree = "<group>"; };
		54590EB72DDB2CFD3F2B725C /* TimeTickNode.m */ = {isa = PBXFileReference; fileEncoding = 4; lastKnownFileType = sourcecode.c.objc; path = TimeTickNode.m; sourceTree = "<group>"; };
		54590EC359A116A9667FD786 /* TimeHelper.m */ = {isa = PBXFileReference; fileEncoding = 4; lastKnownFileType = sourcecode.c.objc; path = TimeHelper.m; sourceTree = "<group>"; };
		54590F22F2C2090E1E6DA181 /* WorkDayInWeekAchievementTests.m */ = {isa = PBXFileReference; fileEncoding = 4; lastKnownFileType = sourcecode.c.objc; path = WorkDayInWeekAchievementTests.m; sourceTree = "<group>"; };
		54590F5A8A84DBFF6044A0B8 /* MinutesNode.h */ = {isa = PBXFileReference; fileEncoding = 4; lastKnownFileType = sourcecode.c.h; path = MinutesNode.h; sourceTree = "<group>"; };
		54590F823D63D2EC73F68159 /* web */ = {isa = PBXFileReference; fileEncoding = 4; lastKnownFileType = folder; path = web; sourceTree = "<group>"; };
		54590FB21AF563F18A7C0AC0 /* AppDelegate.h */ = {isa = PBXFileReference; lastKnownFileType = sourcecode.c.h; path = AppDelegate.h; sourceTree = "<group>"; };
		54590FD7BDBD45ED259783F4 /* Info.plist */ = {isa = PBXFileReference; lastKnownFileType = text.plist.info; path = Info.plist; sourceTree = "<group>"; };
		54590FEC7EDAA642C29CAF4E /* Info.plist */ = {isa = PBXFileReference; lastKnownFileType = text.plist.info; path = Info.plist; sourceTree = "<group>"; };
		C1A8A28B9826578B583E7CE7 /* Pods.release.xcconfig */ = {isa = PBXFileReference; includeInIndex = 1; lastKnownFileType = text.xcconfig; name = Pods.release.xcconfig; path = "Pods/Target Support Files/Pods/Pods.release.xcconfig"; sourceTree = "<group>"; };
		C354819D1FEC55B0816CDBE8 /* Pods.debug.xcconfig */ = {isa = PBXFileReference; includeInIndex = 1; lastKnownFileType = text.xcconfig; name = Pods.debug.xcconfig; path = "Pods/Target Support Files/Pods/Pods.debug.xcconfig"; sourceTree = "<group>"; };
/* End PBXFileReference section */

/* Begin PBXFrameworksBuildPhase section */
		545904D6855B6FCB49282680 /* Frameworks */ = {
			isa = PBXFrameworksBuildPhase;
			buildActionMask = 2147483647;
			files = (
				545901FCD9EFB7567E64FAB6 /* SpriteKit.framework in Frameworks */,
				DA6F9268739F2CCCE3B23264 /* libPods.a in Frameworks */,
				545900E73F6BB9D6ADE0FA9F /* GameKit.framework in Frameworks */,
			);
			runOnlyForDeploymentPostprocessing = 0;
		};
		545905DC5F107B49150EB28D /* Frameworks */ = {
			isa = PBXFrameworksBuildPhase;
			buildActionMask = 2147483647;
			files = (
			);
			runOnlyForDeploymentPostprocessing = 0;
		};
/* End PBXFrameworksBuildPhase section */

/* Begin PBXGroup section */
		545900422A235D28CC7ECA70 /* LostTime */ = {
			isa = PBXGroup;
			children = (
				545904345108690B5E023293 /* Supporting Files */,
				54590DB57384CA77240E349C /* Images.xcassets */,
				54590FB21AF563F18A7C0AC0 /* AppDelegate.h */,
				5459062EE5FDEC882473A1C0 /* AppDelegate.m */,
				54590D1AA258ED83E8EAD809 /* Main.storyboard */,
				5459092BA4665827523A8971 /* TimerScenes */,
				54590D50E5BF95BC757224CF /* sprites.atlas */,
				54590777A2DDBEAD5AD43150 /* Track */,
				54590871C36CF844EE614586 /* Data */,
				54590FD7BC58D2DF21155D55 /* Timer */,
				54590EB3B20FCB0D29269195 /* Helper */,
				54590B26EF5616FEB81FB1F8 /* Achievements */,
				5459097678D4578C3F94DE07 /* Launch.storyboard */,
				54590736B986DAA066C5D1AF /* Graph */,
				545906F01611A4C64B6221B7 /* Intro */,
				545909617CAB97924D77A314 /* Feedback */,
			);
			path = LostTime;
			sourceTree = "<group>";
		};
		545900449C288A151D60E2A3 /* Supporting Files */ = {
			isa = PBXGroup;
			children = (
				54590FD7BDBD45ED259783F4 /* Info.plist */,
			);
			name = "Supporting Files";
			sourceTree = "<group>";
		};
		5459005ED7A3AA8EC59C85DD /* Data */ = {
			isa = PBXGroup;
			children = (
				54590AAE8BF0DC85F2DD4585 /* LostTimeRecordTests.m */,
				545900458340AF1DB7AFCAB0 /* LostTimeDataStoreTests.m */,
			);
			path = Data;
			sourceTree = "<group>";
		};
		5459007352914AC40E6B0573 /* Products */ = {
			isa = PBXGroup;
			children = (
				545907D05BBB587BBACDE9C1 /* LostTime.app */,
				54590397212FC7E3A1094A88 /* LostTimeTests.xctest */,
			);
			name = Products;
			sourceTree = "<group>";
		};
		5459020FE8E8333E49F7155F /* Tests */ = {
			isa = PBXGroup;
			children = (
				54590AD9A19269C409D000C1 /* SpecificityAchievement.m */,
				5459081B013A0AC8459A60CB /* FirstAchievement.h */,
				5459060157B174C935DC9355 /* WorkDayInWeekAchievement.m */,
				5459045DDBBC8BD2CE016069 /* HourAchievement.m */,
				54590795C8AB6DBE18950514 /* FirstAchievement.m */,
				545900BE96AEB07DB7928505 /* WorkDayInWeekAchievement.h */,
				5459041C8F31B171A0E00614 /* SpecificityAchievement.h */,
				54590567E3EA7FB8A9AC77C6 /* HourAchievement.h */,
				5459094FA716F9E118213940 /* AccountantAchievement.m */,
				5459063B8F1FC1F71D172C49 /* AccountantAchievement.h */,
				545904E013CCC12B1D5EC1F0 /* HundredHoursAchievement.m */,
				545906596041D062D37EC032 /* HundredHoursAchievement.h */,
				54590601E80EC6F29D1E7C57 /* ConsistencyAchievement.m */,
				545904EBCB62DF35D899ECC4 /* ConsistencyAchievement.h */,
				5459073938FCFB463F125B58 /* FourHourWeekAchievement.h */,
				54590024EA6D3D44957A8528 /* FourHourWeekAchievement.m */,
			);
			path = Tests;
			sourceTree = "<group>";
		};
		54590282FE9DEE4A77614F2A /* LostTimeTests */ = {
			isa = PBXGroup;
			children = (
				545900449C288A151D60E2A3 /* Supporting Files */,
				54590609CFCB1F43173AA97E /* LostTimeTests.m */,
				5459005ED7A3AA8EC59C85DD /* Data */,
				5459031C907702E11EF175AF /* Track */,
				5459038F722B1C86899E4276 /* Achievements */,
				54590B5AC23CE48CF70BC58F /* Graph */,
			);
			path = LostTimeTests;
			sourceTree = "<group>";
		};
		545902BE3CF7100093D9161D /* Tests */ = {
			isa = PBXGroup;
			children = (
				54590F22F2C2090E1E6DA181 /* WorkDayInWeekAchievementTests.m */,
				545903D19AD3A34EB009125F /* HourAchievementTest.m */,
				54590656179D1FE4C5422F77 /* SpecificityAchievementTests.m */,
				5459005BD314CF90C04B40C8 /* AccountantAchievementTests.m */,
				54590A5D699A80A76EAA8287 /* HundredHoursAchievementTests.m */,
				54590BA281A434E5757EEAC6 /* ConsistencyAchievementTests.m */,
				54590B7975EE6B004DC5078C /* FourHourWeekAchievementTests.m */,
			);
			path = Tests;
			sourceTree = "<group>";
		};
		5459031C907702E11EF175AF /* Track */ = {
			isa = PBXGroup;
			children = (
				5459047CA5ED46BBD7653C29 /* TrackCellTests.m */,
				54590B85D40B36A45D82F357 /* TrackControllerTests.m */,
			);
			path = Track;
			sourceTree = "<group>";
		};
		5459038F722B1C86899E4276 /* Achievements */ = {
			isa = PBXGroup;
			children = (
				545902BE3CF7100093D9161D /* Tests */,
			);
			path = Achievements;
			sourceTree = "<group>";
		};
		545904345108690B5E023293 /* Supporting Files */ = {
			isa = PBXGroup;
			children = (
				54590FEC7EDAA642C29CAF4E /* Info.plist */,
				5459006AF87A602E819F02E5 /* main.m */,
			);
			name = "Supporting Files";
			sourceTree = "<group>";
		};
		545904D482CEDC50AFA9A704 /* Frameworks */ = {
			isa = PBXGroup;
			children = (
				545905C8756B6771B6A1D889 /* SpriteKit.framework */,
				136313DD2F2BD938AA30A747 /* libPods.a */,
				54590188524F4D6430B8F34A /* GameKit.framework */,
			);
			name = Frameworks;
			sourceTree = "<group>";
		};
		545906F01611A4C64B6221B7 /* Intro */ = {
			isa = PBXGroup;
			children = (
				54590A78EE00E00DB4B2A3C0 /* IntroPageController.m */,
				545905D6D0CE0C54168EC814 /* IntroPageController.h */,
				54590868F0D4706C89632D3F /* Intro.storyboard */,
				545909C6CBB2CEF50DC2DCC9 /* GetStartedViewController.m */,
				5459017B62017DE9743DA875 /* GetStartedViewController.h */,
				545909C1DC9978B3BC47BD3D /* IntroConnectToGameCenterViewController.m */,
				5459080D3644EF7BD23659F7 /* IntroConnectToGameCenterViewController.h */,
				545901899ED8FBEE255A6A26 /* IntroMarker.m */,
				545906B60B8C81CBE52A90C0 /* IntroMarker.h */,
			);
			path = Intro;
			sourceTree = "<group>";
		};
		54590736B986DAA066C5D1AF /* Graph */ = {
			isa = PBXGroup;
			children = (
				545907378EB828BF041CA440 /* GraphController.m */,
				545908FC15ABF7F3F3073ABA /* GraphController.h */,
				54590F823D63D2EC73F68159 /* web */,
				5459069F57F4D0202BF82D9A /* GraphHelper.m */,
				54590AAC36AAEB568019B6CF /* GraphHelper.h */,
			);
			path = Graph;
			sourceTree = "<group>";
		};
		54590777A2DDBEAD5AD43150 /* Track */ = {
			isa = PBXGroup;
			children = (
				545908F3C027F4978E24B135 /* TrackCell.m */,
				545905FB64CE481A0937F154 /* TrackCell.h */,
				545905800149CDF6DABBB105 /* TrackCell.xib */,
				54590703FF6A2C42C821DA6B /* TrackEmptyView.xib */,
				54590A4FF9C67BA265970A21 /* TrackController.h */,
				545901657A8C5ABE65408C6A /* TrackController.m */,
				54590E1ECDE8C19DC4AD04EC /* Edit */,
			);
			path = Track;
			sourceTree = "<group>";
		};
		54590871C36CF844EE614586 /* Data */ = {
			isa = PBXGroup;
			children = (
				54590E983348DC88815EB27D /* LostTimeDataStore.m */,
				54590431A1EB7AE831ACF450 /* LostTimeDataStore.h */,
				545909D61D9FC2F1EFC875A9 /* LostTimeRecord.m */,
				54590207DB00B71CDB6030D1 /* LostTimeRecord.h */,
			);
			path = Data;
			sourceTree = "<group>";
		};
		5459092BA4665827523A8971 /* TimerScenes */ = {
			isa = PBXGroup;
			children = (
				54590BD91A6F8AB9510726DB /* SecondsNode.m */,
				545906D01743A2CDFC0B3EAA /* SecondsNode.h */,
				54590EB72DDB2CFD3F2B725C /* TimeTickNode.m */,
				54590C2DA1D4DACA618465BC /* TimeTickNode.h */,
				54590567A5E9C425BC05DD8F /* MinutesNode.m */,
				54590F5A8A84DBFF6044A0B8 /* MinutesNode.h */,
				545902BC3E000D4FF5A87D8E /* HoursNode.m */,
				54590CB913D1972F1B7895FC /* HoursNode.h */,
				54590AFE2827F952F9BE04A4 /* TimeScene.m */,
				54590C89A5FEF19752A2DAAC /* TimeScene.h */,
			);
			path = TimerScenes;
			sourceTree = "<group>";
		};
		545909617CAB97924D77A314 /* Feedback */ = {
			isa = PBXGroup;
			children = (
				54590CB1FA71A8A91CB50F79 /* FeedbackController.m */,
				5459005A390B6FEBDF425B20 /* FeedbackController.h */,
			);
			path = Feedback;
			sourceTree = "<group>";
		};
		545909C429100DB60B9A577C = {
			isa = PBXGroup;
			children = (
				5459007352914AC40E6B0573 /* Products */,
				545900422A235D28CC7ECA70 /* LostTime */,
				54590282FE9DEE4A77614F2A /* LostTimeTests */,
				545904D482CEDC50AFA9A704 /* Frameworks */,
				9C5E3C46969B8761FADEEE7E /* Pods */,
			);
			sourceTree = "<group>";
		};
		54590B26EF5616FEB81FB1F8 /* Achievements */ = {
			isa = PBXGroup;
			children = (
				545901C0B01F59F23B3A0B71 /* Achievements.h */,
				545904A46F4C245032776171 /* Achievements.m */,
				545907B7BFAC7F2A370B02A0 /* AchievementTest.h */,
				5459089708CA9C0344A17DB4 /* AchievementController.m */,
				54590D2E70EC27D80307F5E1 /* AchievementController.h */,
				54590A16BAD70D01AB13079B /* DayHelper.m */,
				5459057CFB6D3583EA31ABED /* DayHelper.h */,
				5459020FE8E8333E49F7155F /* Tests */,
			);
			path = Achievements;
			sourceTree = "<group>";
		};
		54590B5AC23CE48CF70BC58F /* Graph */ = {
			isa = PBXGroup;
			children = (
				54590D35D8E317C121003C9F /* GraphHelperTests.m */,
			);
			path = Graph;
			sourceTree = "<group>";
		};
		54590D50E5BF95BC757224CF /* sprites.atlas */ = {
			isa = PBXGroup;
			children = (
				545906E45400E1058080B77E /* circlequarter-green@2x.png */,
				54590D4BD8F8222C20162ECF /* circlequarter-yellow@2x.png */,
				545906D13787D6F5BFA69EB2 /* circlequarter-red@2x.png */,
			);
			path = sprites.atlas;
			sourceTree = "<group>";
		};
		54590E1ECDE8C19DC4AD04EC /* Edit */ = {
			isa = PBXGroup;
			children = (
				54590BF65FEF819DAF85C4FB /* EditLogViewController.m */,
				5459029F686CA4E72AB765FC /* EditLogViewController.h */,
				545909B76749A0B4259D79AE /* EditLogViewController.storyboard */,
			);
			path = Edit;
			sourceTree = "<group>";
		};
		54590EB3B20FCB0D29269195 /* Helper */ = {
			isa = PBXGroup;
			children = (
				54590D0FE751ADF20DDEA26E /* UIImageViewHelper.m */,
				545900E0FBBBD9B5999E0CC1 /* UIImageViewHelper.h */,
				545907177C647A87656B433C /* GameKitHelper.m */,
				545906BA585CD8E228734F1C /* GameKitHelper.h */,
				54590986DD8029469F541ACC /* PaddedTextField.m */,
				5459052948B867D4DDFB069D /* PaddedTextField.h */,
				54590ABCBA7904F6F0F3397A /* DateHelper.m */,
				54590DA26D71F0CE0C571972 /* DateHelper.h */,
				54590EC359A116A9667FD786 /* TimeHelper.m */,
				5459033EB22F9366E203152D /* TimeHelper.h */,
			);
			path = Helper;
			sourceTree = "<group>";
		};
		54590FD7BC58D2DF21155D55 /* Timer */ = {
			isa = PBXGroup;
			children = (
				5459024D3B6C157A764AAC57 /* TimerController.h */,
				545900DC7DEC3228AFF57E19 /* TimerController.m */,
				54590A97DED75DD3FD0993F7 /* ReasonController.m */,
				5459071614D86254632935E0 /* ReasonController.h */,
				54590878D6C560687F112486 /* ReasonController.storyboard */,
				54590C3CB8D8C0C767686A47 /* ReasonDelegate.h */,
			);
			path = Timer;
			sourceTree = "<group>";
		};
		9C5E3C46969B8761FADEEE7E /* Pods */ = {
			isa = PBXGroup;
			children = (
				C354819D1FEC55B0816CDBE8 /* Pods.debug.xcconfig */,
				C1A8A28B9826578B583E7CE7 /* Pods.release.xcconfig */,
			);
			name = Pods;
			sourceTree = "<group>";
		};
/* End PBXGroup section */

/* Begin PBXNativeTarget section */
		5459067595F685C78DD9BE67 /* LostTime */ = {
			isa = PBXNativeTarget;
			buildConfigurationList = 5459027FB960CCF873B7AFEB /* Build configuration list for PBXNativeTarget "LostTime" */;
			buildPhases = (
				4EC198122FDAE821B47EFD1B /* Check Pods Manifest.lock */,
				54590B8007FF0D65E0D5BD88 /* Sources */,
				545904D6855B6FCB49282680 /* Frameworks */,
				54590D7CC3EBFDB7254547B7 /* Resources */,
				77833F4187141A4EA9D4BD20 /* Copy Pods Resources */,
			);
			buildRules = (
			);
			dependencies = (
			);
			name = LostTime;
			productName = LostTime;
			productReference = 545907D05BBB587BBACDE9C1 /* LostTime.app */;
			productType = "com.apple.product-type.application";
		};
		545907353CBB6D719BD55AFC /* LostTimeTests */ = {
			isa = PBXNativeTarget;
			buildConfigurationList = 5459028BBD1F364A79D58DCA /* Build configuration list for PBXNativeTarget "LostTimeTests" */;
			buildPhases = (
				54590C370EAB73FBBA0CCC19 /* Sources */,
				545905DC5F107B49150EB28D /* Frameworks */,
				54590E0A1F1A5B89628C84B0 /* Resources */,
			);
			buildRules = (
			);
			dependencies = (
				545907BAB8CB1DA272399CC8 /* PBXTargetDependency */,
			);
			name = LostTimeTests;
			productName = LostTimeTests;
			productReference = 54590397212FC7E3A1094A88 /* LostTimeTests.xctest */;
			productType = "com.apple.product-type.bundle.unit-test";
		};
/* End PBXNativeTarget section */

/* Begin PBXProject section */
		54590C9CE28C9DF23C476823 /* Project object */ = {
			isa = PBXProject;
			attributes = {
				ORGANIZATIONNAME = "Usable Design LLC";
				TargetAttributes = {
					5459067595F685C78DD9BE67 = {
						DevelopmentTeam = 255V99ZU6N;
					};
				};
			};
			buildConfigurationList = 54590B1AD8EAA3F93B98ECA9 /* Build configuration list for PBXProject "LostTime" */;
			compatibilityVersion = "Xcode 3.2";
			developmentRegion = English;
			hasScannedForEncodings = 0;
			knownRegions = (
				en,
			);
			mainGroup = 545909C429100DB60B9A577C;
			productRefGroup = 5459007352914AC40E6B0573 /* Products */;
			projectDirPath = "";
			projectRoot = "";
			targets = (
				5459067595F685C78DD9BE67 /* LostTime */,
				545907353CBB6D719BD55AFC /* LostTimeTests */,
			);
		};
/* End PBXProject section */

/* Begin PBXResourcesBuildPhase section */
		54590D7CC3EBFDB7254547B7 /* Resources */ = {
			isa = PBXResourcesBuildPhase;
			buildActionMask = 2147483647;
			files = (
				54590D089674A6C2EA908B1A /* Images.xcassets in Resources */,
				54590CE7409845F33A0B6F12 /* Main.storyboard in Resources */,
				54590ECF2595AE211E0CE927 /* circlequarter-green@2x.png in Resources */,
				54590BA54542ABF291FB6A31 /* circlequarter-yellow@2x.png in Resources */,
				545901374D1EB79C01B9492F /* circlequarter-red@2x.png in Resources */,
				545902697577CC6B1E3FBD0C /* TrackCell.xib in Resources */,
				54590B68EC6B6331DEFA4AB1 /* ReasonController.storyboard in Resources */,
				5459074C79568255C7FE1422 /* TrackEmptyView.xib in Resources */,
				54590330B53DC74C6CE1FFA8 /* Launch.storyboard in Resources */,
				54590477C97059B77455EBF9 /* web in Resources */,
				545909023F3E02E1D194E248 /* EditLogViewController.storyboard in Resources */,
				54590C146F088DFA006313B7 /* Intro.storyboard in Resources */,
			);
			runOnlyForDeploymentPostprocessing = 0;
		};
		54590E0A1F1A5B89628C84B0 /* Resources */ = {
			isa = PBXResourcesBuildPhase;
			buildActionMask = 2147483647;
			files = (
			);
			runOnlyForDeploymentPostprocessing = 0;
		};
/* End PBXResourcesBuildPhase section */

/* Begin PBXShellScriptBuildPhase section */
		4EC198122FDAE821B47EFD1B /* Check Pods Manifest.lock */ = {
			isa = PBXShellScriptBuildPhase;
			buildActionMask = 2147483647;
			files = (
			);
			inputPaths = (
			);
			name = "Check Pods Manifest.lock";
			outputPaths = (
			);
			runOnlyForDeploymentPostprocessing = 0;
			shellPath = /bin/sh;
			shellScript = "diff \"${PODS_ROOT}/../Podfile.lock\" \"${PODS_ROOT}/Manifest.lock\" > /dev/null\nif [[ $? != 0 ]] ; then\n    cat << EOM\nerror: The sandbox is not in sync with the Podfile.lock. Run 'pod install' or update your CocoaPods installation.\nEOM\n    exit 1\nfi\n";
			showEnvVarsInLog = 0;
		};
		77833F4187141A4EA9D4BD20 /* Copy Pods Resources */ = {
			isa = PBXShellScriptBuildPhase;
			buildActionMask = 2147483647;
			files = (
			);
			inputPaths = (
			);
			name = "Copy Pods Resources";
			outputPaths = (
			);
			runOnlyForDeploymentPostprocessing = 0;
			shellPath = /bin/sh;
			shellScript = "\"${SRCROOT}/Pods/Target Support Files/Pods/Pods-resources.sh\"\n";
			showEnvVarsInLog = 0;
		};
/* End PBXShellScriptBuildPhase section */

/* Begin PBXSourcesBuildPhase section */
		54590B8007FF0D65E0D5BD88 /* Sources */ = {
			isa = PBXSourcesBuildPhase;
			buildActionMask = 2147483647;
			files = (
				54590AA1911C662336AF8398 /* main.m in Sources */,
				54590494AC60A4AD907D5E9B /* AppDelegate.m in Sources */,
				545906E8AFC01A594A5A715C /* SecondsNode.m in Sources */,
				54590A8A02260558688AECEB /* TimeTickNode.m in Sources */,
				5459091E7EF62E6CA52B0A66 /* MinutesNode.m in Sources */,
				5459016BD06E5B51D5C9F773 /* HoursNode.m in Sources */,
				5459061DDE4CAE330B16096A /* TrackCell.m in Sources */,
				545907D8B843FA8451BC5F85 /* LostTimeDataStore.m in Sources */,
				54590B143220CBCC5CA17F24 /* LostTimeRecord.m in Sources */,
				545908382AE827E5F288605E /* TimerController.m in Sources */,
				54590455F594B12AF44C5892 /* ReasonController.m in Sources */,
				545903034D9A64504A5A071A /* UIImageViewHelper.m in Sources */,
				54590591B406424328143825 /* Achievements.m in Sources */,
				54590CB7EACF3AD61B0997F0 /* AchievementController.m in Sources */,
				5459010F1F62557EDD9BB359 /* GameKitHelper.m in Sources */,
				545901B258CCC877777B4C6F /* PaddedTextField.m in Sources */,
				54590E692AE90658135C0D52 /* TimeScene.m in Sources */,
				545908E206CF295E3263F890 /* TrackController.m in Sources */,
				54590D9A7C2C0422F9F38F3B /* GraphController.m in Sources */,
				5459028204A5A7143286C806 /* GraphHelper.m in Sources */,
				545908D9B4B6A6C1279D1646 /* DayHelper.m in Sources */,
				54590AD39F936714E26609CB /* EditLogViewController.m in Sources */,
				5459073E60D1D2A7ADE118AB /* DateHelper.m in Sources */,
				545908C91EB5ECE9D7C910E8 /* SpecificityAchievement.m in Sources */,
				54590667D7D78C6703FEC5C1 /* WorkDayInWeekAchievement.m in Sources */,
				54590146A9F5CFCECF62616F /* HourAchievement.m in Sources */,
				54590F8AA27794F9777F81C5 /* FirstAchievement.m in Sources */,
				5459058949A25B3789E7EEF6 /* AccountantAchievement.m in Sources */,
				5459054D6EB04D86AE4D7480 /* HundredHoursAchievement.m in Sources */,
				545905919FDC490CB7BE9813 /* TimeHelper.m in Sources */,
				54590D849E9FCB0FB3657C52 /* ConsistencyAchievement.m in Sources */,
				54590B81331DA9D5AEDF9AE5 /* IntroPageController.m in Sources */,
				54590DC89CD4D4AA0AAF57C9 /* GetStartedViewController.m in Sources */,
				5459089241AB836E74B89F08 /* IntroConnectToGameCenterViewController.m in Sources */,
				54590FEED62FCF4F4D58D2E4 /* IntroMarker.m in Sources */,
				5459024E098907197DEA5FA7 /* FourHourWeekAchievement.m in Sources */,
				5459023F8C5E51FCF3A6BA1C /* FeedbackController.m in Sources */,
			);
			runOnlyForDeploymentPostprocessing = 0;
		};
		54590C370EAB73FBBA0CCC19 /* Sources */ = {
			isa = PBXSourcesBuildPhase;
			buildActionMask = 2147483647;
			files = (
				545902EBDBC6272CB98C93D6 /* LostTimeTests.m in Sources */,
				54590EA5E85CDD6DDD76E91D /* LostTimeRecordTests.m in Sources */,
				5459065C0EFCDFB4573B0130 /* LostTimeDataStoreTests.m in Sources */,
				5459067C3852C919F5CA143D /* TrackCellTests.m in Sources */,
				54590977C77CC793EFEC70D9 /* GraphHelperTests.m in Sources */,
				54590967294B733A81300402 /* TrackControllerTests.m in Sources */,
				545901CF489178D7FA2A7E6D /* WorkDayInWeekAchievementTests.m in Sources */,
				545902374A81286DBE0E63F3 /* HourAchievementTest.m in Sources */,
				5459096C6C73F2BA0646E69F /* SpecificityAchievementTests.m in Sources */,
				545902386EC8DB45907F02CE /* AccountantAchievementTests.m in Sources */,
				5459006F8313F554F675393C /* HundredHoursAchievementTests.m in Sources */,
				545908C3CA60AC1FB29F677A /* ConsistencyAchievementTests.m in Sources */,
				54590F7059FF27F08B5503E1 /* FourHourWeekAchievementTests.m in Sources */,
			);
			runOnlyForDeploymentPostprocessing = 0;
		};
/* End PBXSourcesBuildPhase section */

/* Begin PBXTargetDependency section */
		545907BAB8CB1DA272399CC8 /* PBXTargetDependency */ = {
			isa = PBXTargetDependency;
			target = 5459067595F685C78DD9BE67 /* LostTime */;
			targetProxy = 5459042948B9A880751D397E /* PBXContainerItemProxy */;
		};
/* End PBXTargetDependency section */

/* Begin PBXVariantGroup section */
		54590D1AA258ED83E8EAD809 /* Main.storyboard */ = {
			isa = PBXVariantGroup;
			children = (
				545909BF3704886FF802B397 /* Base */,
			);
			name = Main.storyboard;
			sourceTree = "<group>";
		};
/* End PBXVariantGroup section */

/* Begin XCBuildConfiguration section */
		545900CA86F51DC8E6E1C6C7 /* Release */ = {
			isa = XCBuildConfiguration;
			buildSettings = {
				ALWAYS_SEARCH_USER_PATHS = NO;
				CLANG_CXX_LANGUAGE_STANDARD = "gnu++0x";
				CLANG_CXX_LIBRARY = "libc++";
				CLANG_ENABLE_MODULES = YES;
				CLANG_ENABLE_OBJC_ARC = YES;
				CLANG_WARN_BOOL_CONVERSION = YES;
				CLANG_WARN_CONSTANT_CONVERSION = YES;
				CLANG_WARN_DIRECT_OBJC_ISA_USAGE = YES_ERROR;
				CLANG_WARN_EMPTY_BODY = YES;
				CLANG_WARN_ENUM_CONVERSION = YES;
				CLANG_WARN_INT_CONVERSION = YES;
				CLANG_WARN_OBJC_ROOT_CLASS = YES_ERROR;
				CLANG_WARN_UNREACHABLE_CODE = YES;
				CLANG_WARN__DUPLICATE_METHOD_MATCH = YES;
				"CODE_SIGN_IDENTITY[sdk=iphoneos*]" = "iPhone Developer";
				COPY_PHASE_STRIP = NO;
				DEBUG_INFORMATION_FORMAT = "dwarf-with-dsym";
				ENABLE_NS_ASSERTIONS = NO;
				ENABLE_STRICT_OBJC_MSGSEND = YES;
				GCC_C_LANGUAGE_STANDARD = gnu99;
				GCC_NO_COMMON_BLOCKS = YES;
				GCC_WARN_64_TO_32_BIT_CONVERSION = YES;
				GCC_WARN_ABOUT_RETURN_TYPE = YES_ERROR;
				GCC_WARN_UNDECLARED_SELECTOR = YES;
				GCC_WARN_UNINITIALIZED_AUTOS = YES_AGGRESSIVE;
				GCC_WARN_UNUSED_FUNCTION = YES;
				GCC_WARN_UNUSED_VARIABLE = YES;
				IPHONEOS_DEPLOYMENT_TARGET = 8.3;
				MTL_ENABLE_DEBUG_INFO = NO;
				SDKROOT = iphoneos;
				VALIDATE_PRODUCT = YES;
			};
			name = Release;
		};
		5459018CB49A145F3BB41923 /* Release */ = {
			isa = XCBuildConfiguration;
			baseConfigurationReference = C1A8A28B9826578B583E7CE7 /* Pods.release.xcconfig */;
			buildSettings = {
				ASSETCATALOG_COMPILER_APPICON_NAME = AppIcon;
				CODE_SIGN_IDENTITY = "iPhone Developer";
				INFOPLIST_FILE = LostTime/Info.plist;
				LD_RUNPATH_SEARCH_PATHS = "$(inherited) @executable_path/Frameworks";
				PRODUCT_NAME = "$(TARGET_NAME)";
			};
			name = Release;
		};
		54590579883E3065434E001A /* Debug */ = {
			isa = XCBuildConfiguration;
			baseConfigurationReference = C354819D1FEC55B0816CDBE8 /* Pods.debug.xcconfig */;
			buildSettings = {
				ASSETCATALOG_COMPILER_APPICON_NAME = AppIcon;
				CODE_SIGN_IDENTITY = "iPhone Developer";
				INFOPLIST_FILE = LostTime/Info.plist;
				LD_RUNPATH_SEARCH_PATHS = "$(inherited) @executable_path/Frameworks";
				PRODUCT_NAME = "$(TARGET_NAME)";
			};
			name = Debug;
		};
		545906B92AEA5C45A2A5C9D2 /* Debug */ = {
			isa = XCBuildConfiguration;
			buildSettings = {
				ALWAYS_SEARCH_USER_PATHS = NO;
				CLANG_CXX_LANGUAGE_STANDARD = "gnu++0x";
				CLANG_CXX_LIBRARY = "libc++";
				CLANG_ENABLE_MODULES = YES;
				CLANG_ENABLE_OBJC_ARC = YES;
				CLANG_WARN_BOOL_CONVERSION = YES;
				CLANG_WARN_CONSTANT_CONVERSION = YES;
				CLANG_WARN_DIRECT_OBJC_ISA_USAGE = YES_ERROR;
				CLANG_WARN_EMPTY_BODY = YES;
				CLANG_WARN_ENUM_CONVERSION = YES;
				CLANG_WARN_INT_CONVERSION = YES;
				CLANG_WARN_OBJC_ROOT_CLASS = YES_ERROR;
				CLANG_WARN_UNREACHABLE_CODE = YES;
				CLANG_WARN__DUPLICATE_METHOD_MATCH = YES;
				"CODE_SIGN_IDENTITY[sdk=iphoneos*]" = "iPhone Developer";
				COPY_PHASE_STRIP = NO;
				DEBUG_INFORMATION_FORMAT = "dwarf-with-dsym";
				ENABLE_STRICT_OBJC_MSGSEND = YES;
				GCC_C_LANGUAGE_STANDARD = gnu99;
				GCC_DYNAMIC_NO_PIC = NO;
				GCC_NO_COMMON_BLOCKS = YES;
				GCC_OPTIMIZATION_LEVEL = 0;
				GCC_PREPROCESSOR_DEFINITIONS = (
					"DEBUG=1",
					"$(inherited)",
				);
				GCC_SYMBOLS_PRIVATE_EXTERN = NO;
				GCC_WARN_64_TO_32_BIT_CONVERSION = YES;
				GCC_WARN_ABOUT_RETURN_TYPE = YES_ERROR;
				GCC_WARN_UNDECLARED_SELECTOR = YES;
				GCC_WARN_UNINITIALIZED_AUTOS = YES_AGGRESSIVE;
				GCC_WARN_UNUSED_FUNCTION = YES;
				GCC_WARN_UNUSED_VARIABLE = YES;
				IPHONEOS_DEPLOYMENT_TARGET = 8.3;
				MTL_ENABLE_DEBUG_INFO = YES;
				ONLY_ACTIVE_ARCH = YES;
				SDKROOT = iphoneos;
			};
			name = Debug;
		};
		545908C7CF845F2795E3F5A6 /* Debug */ = {
			isa = XCBuildConfiguration;
			buildSettings = {
				BUNDLE_LOADER = "$(BUILT_PRODUCTS_DIR)/LostTime.app/LostTime";
				FRAMEWORK_SEARCH_PATHS = (
					"$(SDKROOT)/Developer/Library/Frameworks",
					"$(inherited)",
				);
				INFOPLIST_FILE = LostTimeTests/Info.plist;
				LD_RUNPATH_SEARCH_PATHS = "$(inherited) @executable_path/Frameworks @loader_path/Frameworks";
				PRODUCT_NAME = "$(TARGET_NAME)";
				TEST_HOST = "$(BUNDLE_LOADER)";
			};
			name = Debug;
		};
		54590955897A176BDBA25B3F /* Release */ = {
			isa = XCBuildConfiguration;
			buildSettings = {
				BUNDLE_LOADER = "$(BUILT_PRODUCTS_DIR)/LostTime.app/LostTime";
				FRAMEWORK_SEARCH_PATHS = (
					"$(SDKROOT)/Developer/Library/Frameworks",
					"$(inherited)",
				);
				INFOPLIST_FILE = LostTimeTests/Info.plist;
				LD_RUNPATH_SEARCH_PATHS = "$(inherited) @executable_path/Frameworks @loader_path/Frameworks";
				PRODUCT_NAME = "$(TARGET_NAME)";
				TEST_HOST = "$(BUNDLE_LOADER)";
			};
			name = Release;
		};
/* End XCBuildConfiguration section */

/* Begin XCConfigurationList section */
		5459027FB960CCF873B7AFEB /* Build configuration list for PBXNativeTarget "LostTime" */ = {
			isa = XCConfigurationList;
			buildConfigurations = (
				54590579883E3065434E001A /* Debug */,
				5459018CB49A145F3BB41923 /* Release */,
			);
			defaultConfigurationIsVisible = 0;
			defaultConfigurationName = Release;
		};
		5459028BBD1F364A79D58DCA /* Build configuration list for PBXNativeTarget "LostTimeTests" */ = {
			isa = XCConfigurationList;
			buildConfigurations = (
				545908C7CF845F2795E3F5A6 /* Debug */,
				54590955897A176BDBA25B3F /* Release */,
			);
			defaultConfigurationIsVisible = 0;
			defaultConfigurationName = Release;
		};
		54590B1AD8EAA3F93B98ECA9 /* Build configuration list for PBXProject "LostTime" */ = {
			isa = XCConfigurationList;
			buildConfigurations = (
				545906B92AEA5C45A2A5C9D2 /* Debug */,
				545900CA86F51DC8E6E1C6C7 /* Release */,
			);
			defaultConfigurationIsVisible = 0;
			defaultConfigurationName = Release;
		};
/* End XCConfigurationList section */
	};
	rootObject = 54590C9CE28C9DF23C476823 /* Project object */;
}
